
Microsoft Visual Studio Solution File, Format Version 12.00
# Visual Studio 15
VisualStudioVersion = 15.0.28307.421
MinimumVisualStudioVersion = 10.0.40219.1
Project("{FAE04EC0-301F-11D3-BF4B-00C04F79EFBC}") = "first", "first\first.csproj", "{F3E33C4B-051D-4578-AA98-4715C463D834}"
EndProject
Global
	GlobalSection(SolutionConfigurationPlatforms) = preSolution
		Debug|Any CPU = Debug|Any CPU
		Release|Any CPU = Release|Any CPU
	EndGlobalSection
	GlobalSection(ProjectConfigurationPlatforms) = postSolution
		{F3E33C4B-051D-4578-AA98-4715C463D834}.Debug|Any CPU.ActiveCfg = Debug|Any CPU
		{F3E33C4B-051D-4578-AA98-4715C463D834}.Debug|Any CPU.Build.0 = Debug|Any CPU
		{F3E33C4B-051D-4578-AA98-4715C463D834}.Release|Any CPU.ActiveCfg = Release|Any CPU
		{F3E33C4B-051D-4578-AA98-4715C463D834}.Release|Any CPU.Build.0 = Release|Any CPU
	EndGlobalSection
	GlobalSection(SolutionProperties) = preSolution
		HideSolutionNode = FALSE
	EndGlobalSection
	GlobalSection(ExtensibilityGlobals) = postSolution
		SolutionGuid = {0A6E923F-F0B6-4E40-9F60-F5A85E7B9CEF}
	EndGlobalSection
EndGlobal
